// !$*UTF8*$!
{
	archiveVersion = 1;
	classes = {
	};
	objectVersion = 55;
	objects = {

/* Begin PBXBuildFile section */
		9623ADED27103458005E7DA8 /* SettingsView.swift in Sources */ = {isa = PBXBuildFile; fileRef = 9623ADEC27103457005E7DA8 /* SettingsView.swift */; };
		9623ADF127103C29005E7DA8 /* SettingsModel.swift in Sources */ = {isa = PBXBuildFile; fileRef = 9623ADF027103C29005E7DA8 /* SettingsModel.swift */; };
		E24029E62700C95900606BB0 /* LocationManager.swift in Sources */ = {isa = PBXBuildFile; fileRef = E24029E52700C95900606BB0 /* LocationManager.swift */; };
		E253927B2A51AEE700D0B378 /* SessionItem.swift in Sources */ = {isa = PBXBuildFile; fileRef = E253927A2A51AEE700D0B378 /* SessionItem.swift */; };
		E253927D2A51B24200D0B378 /* Localizable.xcstrings in Resources */ = {isa = PBXBuildFile; fileRef = E253927C2A51B24200D0B378 /* Localizable.xcstrings */; };
		E25DE4A026F7355500022E2C /* SpeedApp.swift in Sources */ = {isa = PBXBuildFile; fileRef = E25DE49F26F7355500022E2C /* SpeedApp.swift */; };
		E25DE4A426F7355700022E2C /* Assets.xcassets in Resources */ = {isa = PBXBuildFile; fileRef = E25DE4A326F7355700022E2C /* Assets.xcassets */; };
		E25DE4A726F7355700022E2C /* Preview Assets.xcassets in Resources */ = {isa = PBXBuildFile; fileRef = E25DE4A626F7355700022E2C /* Preview Assets.xcassets */; };
		E25DE4B326F77BE200022E2C /* InformationBlockView.swift in Sources */ = {isa = PBXBuildFile; fileRef = E25DE4B226F77BE200022E2C /* InformationBlockView.swift */; };
		E25DE4B526F786C700022E2C /* InformationType.swift in Sources */ = {isa = PBXBuildFile; fileRef = E25DE4B426F786C700022E2C /* InformationType.swift */; };
		E26122452A5AEEA500E93FD3 /* FooterButtonView.swift in Sources */ = {isa = PBXBuildFile; fileRef = E26122442A5AEEA500E93FD3 /* FooterButtonView.swift */; };
		E26122482A5B03E800E93FD3 /* MapBlockView.swift in Sources */ = {isa = PBXBuildFile; fileRef = E26122472A5B03E800E93FD3 /* MapBlockView.swift */; };
		E26FF5AA2A5AB5A400AB4E8B /* MeasurementConverter.swift in Sources */ = {isa = PBXBuildFile; fileRef = E26FF5A92A5AB5A400AB4E8B /* MeasurementConverter.swift */; };
		E29511C72A51BC650084853E /* Units.swift in Sources */ = {isa = PBXBuildFile; fileRef = E29511C62A51BC650084853E /* Units.swift */; };
		E2EA829426F79E0400B8D5CC /* Measurement+SpeedApp.swift in Sources */ = {isa = PBXBuildFile; fileRef = E2EA829326F79E0400B8D5CC /* Measurement+SpeedApp.swift */; };
		E2EA829826F7B63B00B8D5CC /* MainView.swift in Sources */ = {isa = PBXBuildFile; fileRef = E2EA829726F7B63B00B8D5CC /* MainView.swift */; };
/* End PBXBuildFile section */

/* Begin PBXFileReference section */
		9623ADEC27103457005E7DA8 /* SettingsView.swift */ = {isa = PBXFileReference; lastKnownFileType = sourcecode.swift; path = SettingsView.swift; sourceTree = "<group>"; };
		9623ADF027103C29005E7DA8 /* SettingsModel.swift */ = {isa = PBXFileReference; lastKnownFileType = sourcecode.swift; path = SettingsModel.swift; sourceTree = "<group>"; };
		E24029E52700C95900606BB0 /* LocationManager.swift */ = {isa = PBXFileReference; lastKnownFileType = sourcecode.swift; path = LocationManager.swift; sourceTree = "<group>"; };
		E253927A2A51AEE700D0B378 /* SessionItem.swift */ = {isa = PBXFileReference; lastKnownFileType = sourcecode.swift; path = SessionItem.swift; sourceTree = "<group>"; };
		E253927C2A51B24200D0B378 /* Localizable.xcstrings */ = {isa = PBXFileReference; lastKnownFileType = text.json.xcstrings; path = Localizable.xcstrings; sourceTree = "<group>"; };
		E25DE49C26F7355500022E2C /* SpeedApp.app */ = {isa = PBXFileReference; explicitFileType = wrapper.application; includeInIndex = 0; path = SpeedApp.app; sourceTree = BUILT_PRODUCTS_DIR; };
		E25DE49F26F7355500022E2C /* SpeedApp.swift */ = {isa = PBXFileReference; lastKnownFileType = sourcecode.swift; path = SpeedApp.swift; sourceTree = "<group>"; };
		E25DE4A326F7355700022E2C /* Assets.xcassets */ = {isa = PBXFileReference; lastKnownFileType = folder.assetcatalog; path = Assets.xcassets; sourceTree = "<group>"; };
		E25DE4A626F7355700022E2C /* Preview Assets.xcassets */ = {isa = PBXFileReference; lastKnownFileType = folder.assetcatalog; path = "Preview Assets.xcassets"; sourceTree = "<group>"; };
		E25DE4B226F77BE200022E2C /* InformationBlockView.swift */ = {isa = PBXFileReference; lastKnownFileType = sourcecode.swift; path = InformationBlockView.swift; sourceTree = "<group>"; };
		E25DE4B426F786C700022E2C /* InformationType.swift */ = {isa = PBXFileReference; lastKnownFileType = sourcecode.swift; path = InformationType.swift; sourceTree = "<group>"; };
		E26122442A5AEEA500E93FD3 /* FooterButtonView.swift */ = {isa = PBXFileReference; lastKnownFileType = sourcecode.swift; path = FooterButtonView.swift; sourceTree = "<group>"; };
		E26122472A5B03E800E93FD3 /* MapBlockView.swift */ = {isa = PBXFileReference; lastKnownFileType = sourcecode.swift; path = MapBlockView.swift; sourceTree = "<group>"; };
		E26FF5A92A5AB5A400AB4E8B /* MeasurementConverter.swift */ = {isa = PBXFileReference; lastKnownFileType = sourcecode.swift; path = MeasurementConverter.swift; sourceTree = "<group>"; };
		E29511C62A51BC650084853E /* Units.swift */ = {isa = PBXFileReference; lastKnownFileType = sourcecode.swift; path = Units.swift; sourceTree = "<group>"; };
		E2EA829326F79E0400B8D5CC /* Measurement+SpeedApp.swift */ = {isa = PBXFileReference; lastKnownFileType = sourcecode.swift; path = "Measurement+SpeedApp.swift"; sourceTree = "<group>"; };
		E2EA829726F7B63B00B8D5CC /* MainView.swift */ = {isa = PBXFileReference; lastKnownFileType = sourcecode.swift; path = MainView.swift; sourceTree = "<group>"; };
/* End PBXFileReference section */

/* Begin PBXFrameworksBuildPhase section */
		E25DE49926F7355500022E2C /* Frameworks */ = {
			isa = PBXFrameworksBuildPhase;
			buildActionMask = 2147483647;
			files = (
			);
			runOnlyForDeploymentPostprocessing = 0;
		};
/* End PBXFrameworksBuildPhase section */

/* Begin PBXGroup section */
		E25DE49326F7355500022E2C = {
			isa = PBXGroup;
			children = (
				E25DE49E26F7355500022E2C /* SpeedApp */,
				E25DE49D26F7355500022E2C /* Products */,
			);
			sourceTree = "<group>";
		};
		E25DE49D26F7355500022E2C /* Products */ = {
			isa = PBXGroup;
			children = (
				E25DE49C26F7355500022E2C /* SpeedApp.app */,
			);
			name = Products;
			sourceTree = "<group>";
		};
		E25DE49E26F7355500022E2C /* SpeedApp */ = {
			isa = PBXGroup;
			children = (
				E253927C2A51B24200D0B378 /* Localizable.xcstrings */,
				E25DE49F26F7355500022E2C /* SpeedApp.swift */,
				E25DE4A326F7355700022E2C /* Assets.xcassets */,
				E25DE4A526F7355700022E2C /* Preview Content */,
				E25DE4B426F786C700022E2C /* InformationType.swift */,
				9623ADF027103C29005E7DA8 /* SettingsModel.swift */,
				E26FF5A92A5AB5A400AB4E8B /* MeasurementConverter.swift */,
				E29511C62A51BC650084853E /* Units.swift */,
				E2EA829326F79E0400B8D5CC /* Measurement+SpeedApp.swift */,
				E24029E52700C95900606BB0 /* LocationManager.swift */,
				E253927A2A51AEE700D0B378 /* SessionItem.swift */,
			);
			path = SpeedApp;
			sourceTree = "<group>";
		};
		E25DE4A526F7355700022E2C /* Preview Content */ = {
			isa = PBXGroup;
			children = (
				E25DE4B226F77BE200022E2C /* InformationBlockView.swift */,
				E26122472A5B03E800E93FD3 /* MapBlockView.swift */,
				E25DE4A626F7355700022E2C /* Preview Assets.xcassets */,
				E2EA829726F7B63B00B8D5CC /* MainView.swift */,
				E26122442A5AEEA500E93FD3 /* FooterButtonView.swift */,
				9623ADEC27103457005E7DA8 /* SettingsView.swift */,
			);
			path = "Preview Content";
			sourceTree = "<group>";
		};
/* End PBXGroup section */

/* Begin PBXNativeTarget section */
		E25DE49B26F7355500022E2C /* SpeedApp */ = {
			isa = PBXNativeTarget;
			buildConfigurationList = E25DE4AF26F7355700022E2C /* Build configuration list for PBXNativeTarget "SpeedApp" */;
			buildPhases = (
				E25DE49826F7355500022E2C /* Sources */,
				E25DE49926F7355500022E2C /* Frameworks */,
				E25DE49A26F7355500022E2C /* Resources */,
			);
			buildRules = (
			);
			dependencies = (
			);
			name = SpeedApp;
			productName = SpeedApp;
			productReference = E25DE49C26F7355500022E2C /* SpeedApp.app */;
			productType = "com.apple.product-type.application";
		};
/* End PBXNativeTarget section */

/* Begin PBXProject section */
		E25DE49426F7355500022E2C /* Project object */ = {
			isa = PBXProject;
			attributes = {
				BuildIndependentTargetsInParallel = 1;
				LastSwiftUpdateCheck = 1300;
				LastUpgradeCheck = 1300;
				TargetAttributes = {
					E25DE49B26F7355500022E2C = {
						CreatedOnToolsVersion = 13.0;
					};
				};
			};
			buildConfigurationList = E25DE49726F7355500022E2C /* Build configuration list for PBXProject "SpeedApp" */;
			compatibilityVersion = "Xcode 13.0";
			developmentRegion = en;
			hasScannedForEncodings = 0;
			knownRegions = (
				en,
				ru,
				Base,
			);
			mainGroup = E25DE49326F7355500022E2C;
			productRefGroup = E25DE49D26F7355500022E2C /* Products */;
			projectDirPath = "";
			projectRoot = "";
			targets = (
				E25DE49B26F7355500022E2C /* SpeedApp */,
			);
		};
/* End PBXProject section */

/* Begin PBXResourcesBuildPhase section */
		E25DE49A26F7355500022E2C /* Resources */ = {
			isa = PBXResourcesBuildPhase;
			buildActionMask = 2147483647;
			files = (
				E25DE4A726F7355700022E2C /* Preview Assets.xcassets in Resources */,
				E25DE4A426F7355700022E2C /* Assets.xcassets in Resources */,
				E253927D2A51B24200D0B378 /* Localizable.xcstrings in Resources */,
			);
			runOnlyForDeploymentPostprocessing = 0;
		};
/* End PBXResourcesBuildPhase section */

/* Begin PBXSourcesBuildPhase section */
		E25DE49826F7355500022E2C /* Sources */ = {
			isa = PBXSourcesBuildPhase;
			buildActionMask = 2147483647;
			files = (
				E29511C72A51BC650084853E /* Units.swift in Sources */,
				9623ADF127103C29005E7DA8 /* SettingsModel.swift in Sources */,
				E2EA829826F7B63B00B8D5CC /* MainView.swift in Sources */,
				E25DE4B526F786C700022E2C /* InformationType.swift in Sources */,
				E25DE4B326F77BE200022E2C /* InformationBlockView.swift in Sources */,
				9623ADED27103458005E7DA8 /* SettingsView.swift in Sources */,
				E26122482A5B03E800E93FD3 /* MapBlockView.swift in Sources */,
				E2EA829426F79E0400B8D5CC /* Measurement+SpeedApp.swift in Sources */,
				E26122452A5AEEA500E93FD3 /* FooterButtonView.swift in Sources */,
				E25DE4A026F7355500022E2C /* SpeedApp.swift in Sources */,
				E253927B2A51AEE700D0B378 /* SessionItem.swift in Sources */,
				E24029E62700C95900606BB0 /* LocationManager.swift in Sources */,
				E26FF5AA2A5AB5A400AB4E8B /* MeasurementConverter.swift in Sources */,
			);
			runOnlyForDeploymentPostprocessing = 0;
		};
/* End PBXSourcesBuildPhase section */

/* Begin XCBuildConfiguration section */
		E25DE4AD26F7355700022E2C /* Debug */ = {
			isa = XCBuildConfiguration;
			buildSettings = {
				ALWAYS_SEARCH_USER_PATHS = NO;
				CLANG_ANALYZER_NONNULL = YES;
				CLANG_ANALYZER_NUMBER_OBJECT_CONVERSION = YES_AGGRESSIVE;
				CLANG_CXX_LANGUAGE_STANDARD = "gnu++17";
				CLANG_CXX_LIBRARY = "libc++";
				CLANG_ENABLE_MODULES = YES;
				CLANG_ENABLE_OBJC_ARC = YES;
				CLANG_ENABLE_OBJC_WEAK = YES;
				CLANG_WARN_BLOCK_CAPTURE_AUTORELEASING = YES;
				CLANG_WARN_BOOL_CONVERSION = YES;
				CLANG_WARN_COMMA = YES;
				CLANG_WARN_CONSTANT_CONVERSION = YES;
				CLANG_WARN_DEPRECATED_OBJC_IMPLEMENTATIONS = YES;
				CLANG_WARN_DIRECT_OBJC_ISA_USAGE = YES_ERROR;
				CLANG_WARN_DOCUMENTATION_COMMENTS = YES;
				CLANG_WARN_EMPTY_BODY = YES;
				CLANG_WARN_ENUM_CONVERSION = YES;
				CLANG_WARN_INFINITE_RECURSION = YES;
				CLANG_WARN_INT_CONVERSION = YES;
				CLANG_WARN_NON_LITERAL_NULL_CONVERSION = YES;
				CLANG_WARN_OBJC_IMPLICIT_RETAIN_SELF = YES;
				CLANG_WARN_OBJC_LITERAL_CONVERSION = YES;
				CLANG_WARN_OBJC_ROOT_CLASS = YES_ERROR;
				CLANG_WARN_QUOTED_INCLUDE_IN_FRAMEWORK_HEADER = YES;
				CLANG_WARN_RANGE_LOOP_ANALYSIS = YES;
				CLANG_WARN_STRICT_PROTOTYPES = YES;
				CLANG_WARN_SUSPICIOUS_MOVE = YES;
				CLANG_WARN_UNGUARDED_AVAILABILITY = YES_AGGRESSIVE;
				CLANG_WARN_UNREACHABLE_CODE = YES;
				CLANG_WARN__DUPLICATE_METHOD_MATCH = YES;
				COPY_PHASE_STRIP = NO;
				DEBUG_INFORMATION_FORMAT = dwarf;
				ENABLE_STRICT_OBJC_MSGSEND = YES;
				ENABLE_TESTABILITY = YES;
				GCC_C_LANGUAGE_STANDARD = gnu11;
				GCC_DYNAMIC_NO_PIC = NO;
				GCC_NO_COMMON_BLOCKS = YES;
				GCC_OPTIMIZATION_LEVEL = 0;
				GCC_PREPROCESSOR_DEFINITIONS = (
					"DEBUG=1",
					"$(inherited)",
				);
				GCC_WARN_64_TO_32_BIT_CONVERSION = YES;
				GCC_WARN_ABOUT_RETURN_TYPE = YES_ERROR;
				GCC_WARN_UNDECLARED_SELECTOR = YES;
				GCC_WARN_UNINITIALIZED_AUTOS = YES_AGGRESSIVE;
				GCC_WARN_UNUSED_FUNCTION = YES;
				GCC_WARN_UNUSED_VARIABLE = YES;
				IPHONEOS_DEPLOYMENT_TARGET = 15.0;
				MTL_ENABLE_DEBUG_INFO = INCLUDE_SOURCE;
				MTL_FAST_MATH = YES;
				ONLY_ACTIVE_ARCH = YES;
				SDKROOT = iphoneos;
				SWIFT_ACTIVE_COMPILATION_CONDITIONS = DEBUG;
				SWIFT_OPTIMIZATION_LEVEL = "-Onone";
			};
			name = Debug;
		};
		E25DE4AE26F7355700022E2C /* Release */ = {
			isa = XCBuildConfiguration;
			buildSettings = {
				ALWAYS_SEARCH_USER_PATHS = NO;
				CLANG_ANALYZER_NONNULL = YES;
				CLANG_ANALYZER_NUMBER_OBJECT_CONVERSION = YES_AGGRESSIVE;
				CLANG_CXX_LANGUAGE_STANDARD = "gnu++17";
				CLANG_CXX_LIBRARY = "libc++";
				CLANG_ENABLE_MODULES = YES;
				CLANG_ENABLE_OBJC_ARC = YES;
				CLANG_ENABLE_OBJC_WEAK = YES;
				CLANG_WARN_BLOCK_CAPTURE_AUTORELEASING = YES;
				CLANG_WARN_BOOL_CONVERSION = YES;
				CLANG_WARN_COMMA = YES;
				CLANG_WARN_CONSTANT_CONVERSION = YES;
				CLANG_WARN_DEPRECATED_OBJC_IMPLEMENTATIONS = YES;
				CLANG_WARN_DIRECT_OBJC_ISA_USAGE = YES_ERROR;
				CLANG_WARN_DOCUMENTATION_COMMENTS = YES;
				CLANG_WARN_EMPTY_BODY = YES;
				CLANG_WARN_ENUM_CONVERSION = YES;
				CLANG_WARN_INFINITE_RECURSION = YES;
				CLANG_WARN_INT_CONVERSION = YES;
				CLANG_WARN_NON_LITERAL_NULL_CONVERSION = YES;
				CLANG_WARN_OBJC_IMPLICIT_RETAIN_SELF = YES;
				CLANG_WARN_OBJC_LITERAL_CONVERSION = YES;
				CLANG_WARN_OBJC_ROOT_CLASS = YES_ERROR;
				CLANG_WARN_QUOTED_INCLUDE_IN_FRAMEWORK_HEADER = YES;
				CLANG_WARN_RANGE_LOOP_ANALYSIS = YES;
				CLANG_WARN_STRICT_PROTOTYPES = YES;
				CLANG_WARN_SUSPICIOUS_MOVE = YES;
				CLANG_WARN_UNGUARDED_AVAILABILITY = YES_AGGRESSIVE;
				CLANG_WARN_UNREACHABLE_CODE = YES;
				CLANG_WARN__DUPLICATE_METHOD_MATCH = YES;
				COPY_PHASE_STRIP = NO;
				DEBUG_INFORMATION_FORMAT = "dwarf-with-dsym";
				ENABLE_NS_ASSERTIONS = NO;
				ENABLE_STRICT_OBJC_MSGSEND = YES;
				GCC_C_LANGUAGE_STANDARD = gnu11;
				GCC_NO_COMMON_BLOCKS = YES;
				GCC_WARN_64_TO_32_BIT_CONVERSION = YES;
				GCC_WARN_ABOUT_RETURN_TYPE = YES_ERROR;
				GCC_WARN_UNDECLARED_SELECTOR = YES;
				GCC_WARN_UNINITIALIZED_AUTOS = YES_AGGRESSIVE;
				GCC_WARN_UNUSED_FUNCTION = YES;
				GCC_WARN_UNUSED_VARIABLE = YES;
				IPHONEOS_DEPLOYMENT_TARGET = 15.0;
				MTL_ENABLE_DEBUG_INFO = NO;
				MTL_FAST_MATH = YES;
				SDKROOT = iphoneos;
				SWIFT_COMPILATION_MODE = wholemodule;
				SWIFT_OPTIMIZATION_LEVEL = "-O";
				VALIDATE_PRODUCT = YES;
			};
			name = Release;
		};
		E25DE4B026F7355700022E2C /* Debug */ = {
			isa = XCBuildConfiguration;
			buildSettings = {
				ASSETCATALOG_COMPILER_APPICON_NAME = AppIcon;
				ASSETCATALOG_COMPILER_GLOBAL_ACCENT_COLOR_NAME = AccentColor;
				CODE_SIGN_STYLE = Automatic;
				CURRENT_PROJECT_VERSION = 1;
				DEVELOPMENT_ASSET_PATHS = "\"SpeedApp/Preview Content\"";
				DEVELOPMENT_TEAM = MGDFYF2DS8;
				ENABLE_PREVIEWS = YES;
				GENERATE_INFOPLIST_FILE = YES;
				INFOPLIST_KEY_NSLocationAlwaysAndWhenInUseUsageDescription = "Track Activity";
				INFOPLIST_KEY_NSLocationWhenInUseUsageDescription = "Test Loc";
				INFOPLIST_KEY_UIApplicationSceneManifest_Generation = YES;
				INFOPLIST_KEY_UIApplicationSupportsIndirectInputEvents = YES;
				INFOPLIST_KEY_UILaunchScreen_Generation = YES;
				INFOPLIST_KEY_UISupportedInterfaceOrientations_iPad = "UIInterfaceOrientationPortrait UIInterfaceOrientationPortraitUpsideDown UIInterfaceOrientationLandscapeLeft UIInterfaceOrientationLandscapeRight";
				INFOPLIST_KEY_UISupportedInterfaceOrientations_iPhone = "UIInterfaceOrientationPortrait UIInterfaceOrientationLandscapeLeft UIInterfaceOrientationLandscapeRight";
				IPHONEOS_DEPLOYMENT_TARGET = 17.0;
				LD_RUNPATH_SEARCH_PATHS = (
					"$(inherited)",
					"@executable_path/Frameworks",
				);
				MARKETING_VERSION = 1.0;
				PRODUCT_BUNDLE_IDENTIFIER = pryadchenkov.SpeedApp;
				PRODUCT_NAME = "$(TARGET_NAME)";
				SWIFT_EMIT_LOC_STRINGS = YES;
				SWIFT_VERSION = 5.0;
				TARGETED_DEVICE_FAMILY = 1;
			};
			name = Debug;
		};
		E25DE4B126F7355700022E2C /* Release */ = {
			isa = XCBuildConfiguration;
			buildSettings = {
				ASSETCATALOG_COMPILER_APPICON_NAME = AppIcon;
				ASSETCATALOG_COMPILER_GLOBAL_ACCENT_COLOR_NAME = AccentColor;
				CODE_SIGN_STYLE = Automatic;
				CURRENT_PROJECT_VERSION = 1;
				DEVELOPMENT_ASSET_PATHS = "\"SpeedApp/Preview Content\"";
				DEVELOPMENT_TEAM = MGDFYF2DS8;
				ENABLE_PREVIEWS = YES;
				GENERATE_INFOPLIST_FILE = YES;
				INFOPLIST_KEY_NSLocationAlwaysAndWhenInUseUsageDescription = "Track Activity";
				INFOPLIST_KEY_NSLocationWhenInUseUsageDescription = "Test Loc";
				INFOPLIST_KEY_UIApplicationSceneManifest_Generation = YES;
				INFOPLIST_KEY_UIApplicationSupportsIndirectInputEvents = YES;
				INFOPLIST_KEY_UILaunchScreen_Generation = YES;
				INFOPLIST_KEY_UISupportedInterfaceOrientations_iPad = "UIInterfaceOrientationPortrait UIInterfaceOrientationPortraitUpsideDown UIInterfaceOrientationLandscapeLeft UIInterfaceOrientationLandscapeRight";
				INFOPLIST_KEY_UISupportedInterfaceOrientations_iPhone = "UIInterfaceOrientationPortrait UIInterfaceOrientationLandscapeLeft UIInterfaceOrientationLandscapeRight";
				IPHONEOS_DEPLOYMENT_TARGET = 17.0;
				LD_RUNPATH_SEARCH_PATHS = (
					"$(inherited)",
					"@executable_path/Frameworks",
				);
				MARKETING_VERSION = 1.0;
				PRODUCT_BUNDLE_IDENTIFIER = pryadchenkov.SpeedApp;
				PRODUCT_NAME = "$(TARGET_NAME)";
				SWIFT_EMIT_LOC_STRINGS = YES;
				SWIFT_VERSION = 5.0;
				TARGETED_DEVICE_FAMILY = 1;
			};
			name = Release;
		};
/* End XCBuildConfiguration section */

/* Begin XCConfigurationList section */
		E25DE49726F7355500022E2C /* Build configuration list for PBXProject "SpeedApp" */ = {
			isa = XCConfigurationList;
			buildConfigurations = (
				E25DE4AD26F7355700022E2C /* Debug */,
				E25DE4AE26F7355700022E2C /* Release */,
			);
			defaultConfigurationIsVisible = 0;
			defaultConfigurationName = Release;
		};
		E25DE4AF26F7355700022E2C /* Build configuration list for PBXNativeTarget "SpeedApp" */ = {
			isa = XCConfigurationList;
			buildConfigurations = (
				E25DE4B026F7355700022E2C /* Debug */,
				E25DE4B126F7355700022E2C /* Release */,
			);
			defaultConfigurationIsVisible = 0;
			defaultConfigurationName = Release;
		};
/* End XCConfigurationList section */
	};
	rootObject = E25DE49426F7355500022E2C /* Project object */;
}
